
Microsoft Visual Studio Solution File, Format Version 12.00
# Visual Studio Version 17
VisualStudioVersion = 17.9.34622.214
MinimumVisualStudioVersion = 10.0.40219.1
Project("{9A19103F-16F7-4668-BE54-9A1E7A4F7556}") = "OrderingSystem.Web", "src\OrderingSystem.Web\OrderingSystem.Web.csproj", "{463CD413-9445-4493-94EA-53F7E73C6015}"
EndProject
Project("{9A19103F-16F7-4668-BE54-9A1E7A4F7556}") = "OrderingSystem.DataAccess", "src\OrderingSystem.DataAccess\OrderingSystem.DataAccess.csproj", "{DEE33D70-6BF0-4E42-B3B5-408F0F35CBF1}"
EndProject
Project("{9A19103F-16F7-4668-BE54-9A1E7A4F7556}") = "OrderingSystem.Domain", "src\OrderingSystem.Domain\OrderingSystem.Domain.csproj", "{77301075-7533-4F6C-80AF-FAB19C06A18B}"
EndProject
Project("{9A19103F-16F7-4668-BE54-9A1E7A4F7556}") = "OrderingSystem.Infrastructure", "src\OrderingSystem.Infrastructure\OrderingSystem.Infrastructure.csproj", "{196FC593-9708-4F0B-9D2B-F5EED40D7952}"
EndProject
Project("{2150E333-8FDC-42A3-9474-1A3956D46DE8}") = "src", "src", "{D4EAEF66-17D7-4B2A-A02C-869BF416E03A}"
EndProject
Project("{2150E333-8FDC-42A3-9474-1A3956D46DE8}") = "Solution Items", "Solution Items", "{CD76032A-CACA-4189-A5C2-0212CDC8B6E7}"
	ProjectSection(SolutionItems) = preProject
		.editorconfig = .editorconfig
		LICENSE.md = LICENSE.md
		README.md = README.md
	EndProjectSection
EndProject
Global
	GlobalSection(SolutionConfigurationPlatforms) = preSolution
		Debug|Any CPU = Debug|Any CPU
		Release|Any CPU = Release|Any CPU
	EndGlobalSection
	GlobalSection(ProjectConfigurationPlatforms) = postSolution
		{463CD413-9445-4493-94EA-53F7E73C6015}.Debug|Any CPU.ActiveCfg = Debug|Any CPU
		{463CD413-9445-4493-94EA-53F7E73C6015}.Debug|Any CPU.Build.0 = Debug|Any CPU
		{463CD413-9445-4493-94EA-53F7E73C6015}.Release|Any CPU.ActiveCfg = Release|Any CPU
		{463CD413-9445-4493-94EA-53F7E73C6015}.Release|Any CPU.Build.0 = Release|Any CPU
		{DEE33D70-6BF0-4E42-B3B5-408F0F35CBF1}.Debug|Any CPU.ActiveCfg = Debug|Any CPU
		{DEE33D70-6BF0-4E42-B3B5-408F0F35CBF1}.Debug|Any CPU.Build.0 = Debug|Any CPU
		{DEE33D70-6BF0-4E42-B3B5-408F0F35CBF1}.Release|Any CPU.ActiveCfg = Release|Any CPU
		{DEE33D70-6BF0-4E42-B3B5-408F0F35CBF1}.Release|Any CPU.Build.0 = Release|Any CPU
		{77301075-7533-4F6C-80AF-FAB19C06A18B}.Debug|Any CPU.ActiveCfg = Debug|Any CPU
		{77301075-7533-4F6C-80AF-FAB19C06A18B}.Debug|Any CPU.Build.0 = Debug|Any CPU
		{77301075-7533-4F6C-80AF-FAB19C06A18B}.Release|Any CPU.ActiveCfg = Release|Any CPU
		{77301075-7533-4F6C-80AF-FAB19C06A18B}.Release|Any CPU.Build.0 = Release|Any CPU
		{196FC593-9708-4F0B-9D2B-F5EED40D7952}.Debug|Any CPU.ActiveCfg = Debug|Any CPU
		{196FC593-9708-4F0B-9D2B-F5EED40D7952}.Debug|Any CPU.Build.0 = Debug|Any CPU
		{196FC593-9708-4F0B-9D2B-F5EED40D7952}.Release|Any CPU.ActiveCfg = Release|Any CPU
		{196FC593-9708-4F0B-9D2B-F5EED40D7952}.Release|Any CPU.Build.0 = Release|Any CPU
	EndGlobalSection
	GlobalSection(SolutionProperties) = preSolution
		HideSolutionNode = FALSE
	EndGlobalSection
	GlobalSection(NestedProjects) = preSolution
		{463CD413-9445-4493-94EA-53F7E73C6015} = {D4EAEF66-17D7-4B2A-A02C-869BF416E03A}
		{DEE33D70-6BF0-4E42-B3B5-408F0F35CBF1} = {D4EAEF66-17D7-4B2A-A02C-869BF416E03A}
		{77301075-7533-4F6C-80AF-FAB19C06A18B} = {D4EAEF66-17D7-4B2A-A02C-869BF416E03A}
		{196FC593-9708-4F0B-9D2B-F5EED40D7952} = {D4EAEF66-17D7-4B2A-A02C-869BF416E03A}
	EndGlobalSection
	GlobalSection(ExtensibilityGlobals) = postSolution
		SolutionGuid = {71F7925A-8C3A-4B7E-BA7C-4380D6DC9331}
	EndGlobalSection
EndGlobal
